PODS:
  - AFNetworking (2.3.1):
    - AFNetworking/NSURLConnection
    - AFNetworking/NSURLSession
    - AFNetworking/Reachability
    - AFNetworking/Security
    - AFNetworking/Serialization
    - AFNetworking/UIKit
  - AFNetworking/NSURLConnection (2.3.1):
    - AFNetworking/Reachability
    - AFNetworking/Security
    - AFNetworking/Serialization
  - AFNetworking/NSURLSession (2.3.1):
    - AFNetworking/Reachability
    - AFNetworking/Security
    - AFNetworking/Serialization
  - AFNetworking/Reachability (2.3.1)
  - AFNetworking/Security (2.3.1)
  - AFNetworking/Serialization (2.3.1)
  - AFNetworking/UIKit (2.3.1):
    - AFNetworking/NSURLConnection
    - AFNetworking/NSURLSession
  - FlurrySDK (5.2.0):
    - FlurrySDK/FlurrySDK
  - FlurrySDK/FlurrySDK (5.2.0)
  - KissXML (5.0)
  - MagicalRecord (2.3.0-beta.1)
  - MBCalendarKit (1.0.1)

DEPENDENCIES:
  - AFNetworking (= 2.3.1)
  - FlurrySDK (= 5.2.0)
  - KissXML
  - MagicalRecord (from `git@github.com:magicalpanda/MagicalRecord.git`, tag `v2.3.0-beta.2`)
  - MBCalendarKit (from `git@github.com:MosheBerman/MBCalendarKit.git`, tag `2.1.0`)

EXTERNAL SOURCES:
  MagicalRecord:
    :git: git@github.com:magicalpanda/MagicalRecord.git
    :tag: v2.3.0-beta.2
  MBCalendarKit:
    :git: git@github.com:MosheBerman/MBCalendarKit.git
    :tag: 2.1.0

SPEC CHECKSUMS:
  AFNetworking: 6d7b76aa5d04c8c37daad3eef4b7e3f2a7620da3
  FlurrySDK: 5322b9eb0d0b538f1a1983a6717f3a2e2ba03047
  KissXML: e537c38b18ede903ee6de45953a9bd86c131ebe9
  MagicalRecord: 1ae96754b1c1bc1cf551e3fdc7ea00d11039e139
  MBCalendarKit: e157fdcb798a33a42721ebdfb90840cca97240c1

COCOAPODS: 0.33.1
